
Microsoft Visual Studio Solution File, Format Version 12.00
# Visual Studio Version 17
VisualStudioVersion = 17.0.32126.317
MinimumVisualStudioVersion = 10.0.40219.1
Project("{FAE04EC0-301F-11D3-BF4B-00C04F79EFBC}") = "医生工作站", "医生工作站\医生工作站.csproj", "{2FA59776-013C-41E7-8228-B3665A1A09DE}"
EndProject
Global
	GlobalSection(SolutionConfigurationPlatforms) = preSolution
		Debug|Any CPU = Debug|Any CPU
		Release|Any CPU = Release|Any CPU
	EndGlobalSection
	GlobalSection(ProjectConfigurationPlatforms) = postSolution
		{2FA59776-013C-41E7-8228-B3665A1A09DE}.Debug|Any CPU.ActiveCfg = Debug|Any CPU
		{2FA59776-013C-41E7-8228-B3665A1A09DE}.Debug|Any CPU.Build.0 = Debug|Any CPU
		{2FA59776-013C-41E7-8228-B3665A1A09DE}.Release|Any CPU.ActiveCfg = Release|Any CPU
		{2FA59776-013C-41E7-8228-B3665A1A09DE}.Release|Any CPU.Build.0 = Release|Any CPU
	EndGlobalSection
	GlobalSection(SolutionProperties) = preSolution
		HideSolutionNode = FALSE
	EndGlobalSection
	GlobalSection(ExtensibilityGlobals) = postSolution
		SolutionGuid = {08976419-FCC6-4DE6-925F-A59EC1706532}
	EndGlobalSection
EndGlobal
